
Microsoft Visual Studio Solution File, Format Version 12.00
# Visual Studio Version 16
VisualStudioVersion = 16.0.31624.102
MinimumVisualStudioVersion = 10.0.40219.1
Project("{FAE04EC0-301F-11D3-BF4B-00C04F79EFBC}") = "ParallelTask", "ParallelTask\ParallelTask.csproj", "{A9A057F8-9B51-4011-9704-554721C550E8}"
EndProject
Global
	GlobalSection(SolutionConfigurationPlatforms) = preSolution
		Debug|Any CPU = Debug|Any CPU
		Release|Any CPU = Release|Any CPU
	EndGlobalSection
	GlobalSection(ProjectConfigurationPlatforms) = postSolution
		{A9A057F8-9B51-4011-9704-554721C550E8}.Debug|Any CPU.ActiveCfg = Debug|Any CPU
		{A9A057F8-9B51-4011-9704-554721C550E8}.Debug|Any CPU.Build.0 = Debug|Any CPU
		{A9A057F8-9B51-4011-9704-554721C550E8}.Release|Any CPU.ActiveCfg = Release|Any CPU
		{A9A057F8-9B51-4011-9704-554721C550E8}.Release|Any CPU.Build.0 = Release|Any CPU
	EndGlobalSection
	GlobalSection(SolutionProperties) = preSolution
		HideSolutionNode = FALSE
	EndGlobalSection
	GlobalSection(ExtensibilityGlobals) = postSolution
		SolutionGuid = {E01EFC22-485B-43F5-9516-BBB32899426B}
	EndGlobalSection
EndGlobal
