
Microsoft Visual Studio Solution File, Format Version 12.00
# Visual Studio Version 16
VisualStudioVersion = 16.0.31911.196
MinimumVisualStudioVersion = 10.0.40219.1
Project("{9A19103F-16F7-4668-BE54-9A1E7A4F7556}") = "WpfApp", "WpfApp.csproj", "{A5A42175-6ACB-4827-985E-D5A8E546A36E}"
	ProjectSection(ProjectDependencies) = postProject
		{DEBAA237-1872-4B08-8C4D-5E3C4E080AE3} = {DEBAA237-1872-4B08-8C4D-5E3C4E080AE3}
	EndProjectSection
EndProject
Project("{9A19103F-16F7-4668-BE54-9A1E7A4F7556}") = "ParallelTask", "..\ParallelTask\ParallelTask.csproj", "{BE1B06DA-B51A-4B09-BB33-49F060ABB3FC}"
EndProject
Project("{FAE04EC0-301F-11D3-BF4B-00C04F79EFBC}") = "Database", "..\Database\Database.csproj", "{DEBAA237-1872-4B08-8C4D-5E3C4E080AE3}"
EndProject
Global
	GlobalSection(SolutionConfigurationPlatforms) = preSolution
		Debug|Any CPU = Debug|Any CPU
		Release|Any CPU = Release|Any CPU
	EndGlobalSection
	GlobalSection(ProjectConfigurationPlatforms) = postSolution
		{A5A42175-6ACB-4827-985E-D5A8E546A36E}.Debug|Any CPU.ActiveCfg = Debug|Any CPU
		{A5A42175-6ACB-4827-985E-D5A8E546A36E}.Debug|Any CPU.Build.0 = Debug|Any CPU
		{A5A42175-6ACB-4827-985E-D5A8E546A36E}.Release|Any CPU.ActiveCfg = Release|Any CPU
		{A5A42175-6ACB-4827-985E-D5A8E546A36E}.Release|Any CPU.Build.0 = Release|Any CPU
		{BE1B06DA-B51A-4B09-BB33-49F060ABB3FC}.Debug|Any CPU.ActiveCfg = Debug|Any CPU
		{BE1B06DA-B51A-4B09-BB33-49F060ABB3FC}.Debug|Any CPU.Build.0 = Debug|Any CPU
		{BE1B06DA-B51A-4B09-BB33-49F060ABB3FC}.Release|Any CPU.ActiveCfg = Release|Any CPU
		{BE1B06DA-B51A-4B09-BB33-49F060ABB3FC}.Release|Any CPU.Build.0 = Release|Any CPU
		{DEBAA237-1872-4B08-8C4D-5E3C4E080AE3}.Debug|Any CPU.ActiveCfg = Debug|Any CPU
		{DEBAA237-1872-4B08-8C4D-5E3C4E080AE3}.Debug|Any CPU.Build.0 = Debug|Any CPU
		{DEBAA237-1872-4B08-8C4D-5E3C4E080AE3}.Release|Any CPU.ActiveCfg = Release|Any CPU
		{DEBAA237-1872-4B08-8C4D-5E3C4E080AE3}.Release|Any CPU.Build.0 = Release|Any CPU
	EndGlobalSection
	GlobalSection(SolutionProperties) = preSolution
		HideSolutionNode = FALSE
	EndGlobalSection
	GlobalSection(ExtensibilityGlobals) = postSolution
		SolutionGuid = {03397CD7-D8C0-46A0-A243-1035A3DB7566}
	EndGlobalSection
EndGlobal
